lockfileVersion: '6.0'

settings:
  autoInstallPeers: true
  excludeLinksFromLockfile: false

dependencies:
  nodemailer:
    specifier: ^6.9.3
    version: 6.9.3

devDependencies:
  '@types/nodemailer':
    specifier: ^6.4.8
    version: 6.4.8

packages:

  /@types/node@20.4.2:
    resolution: {integrity: sha512-Dd0BYtWgnWJKwO1jkmTrzofjK2QXXcai0dmtzvIBhcA+RsG5h8R3xlyta0kGOZRNfL9GuRtb1knmPEhQrePCEw==}
    dev: true

  /@types/nodemailer@6.4.8:
    resolution: {integrity: sha512-oVsJSCkqViCn8/pEu2hfjwVO+Gb3e+eTWjg3PcjeFKRItfKpKwHphQqbYmPQrlMk+op7pNNWPbsJIEthpFN/OQ==}
    dependencies:
      '@types/node': 20.4.2
    dev: true

  /nodemailer@6.9.3:
    resolution: {integrity: sha512-fy9v3NgTzBngrMFkDsKEj0r02U7jm6XfC3b52eoNV+GCrGj+s8pt5OqhiJdWKuw51zCTdiNR/IUD1z33LIIGpg==}
    engines: {node: '>=6.0.0'}
    dev: false
